
Microsoft Visual Studio Solution File, Format Version 12.00
# Visual Studio Version 17
VisualStudioVersion = 17.4.33403.182
MinimumVisualStudioVersion = 10.0.40219.1
Project("{FAE04EC0-301F-11D3-BF4B-00C04F79EFBC}") = "WindowsFormsApp1", "WindowsFormsApp1\WindowsFormsApp1.csproj", "{FE74FDA2-E97D-4415-8D37-2402E4EDAFB8}"
EndProject
Global
	GlobalSection(SolutionConfigurationPlatforms) = preSolution
		Debug|Any CPU = Debug|Any CPU
		Release|Any CPU = Release|Any CPU
	EndGlobalSection
	GlobalSection(ProjectConfigurationPlatforms) = postSolution
		{FE74FDA2-E97D-4415-8D37-2402E4EDAFB8}.Debug|Any CPU.ActiveCfg = Debug|Any CPU
		{FE74FDA2-E97D-4415-8D37-2402E4EDAFB8}.Debug|Any CPU.Build.0 = Debug|Any CPU
		{FE74FDA2-E97D-4415-8D37-2402E4EDAFB8}.Release|Any CPU.ActiveCfg = Release|Any CPU
		{FE74FDA2-E97D-4415-8D37-2402E4EDAFB8}.Release|Any CPU.Build.0 = Release|Any CPU
	EndGlobalSection
	GlobalSection(SolutionProperties) = preSolution
		HideSolutionNode = FALSE
	EndGlobalSection
	GlobalSection(ExtensibilityGlobals) = postSolution
		SolutionGuid = {B081487C-7238-4142-8708-572ECD9A6EC5}
	EndGlobalSection
EndGlobal
